// !$*UTF8*$!
{
	archiveVersion = 1;
	classes = {
	};
	objectVersion = 50;
	objects = {

/* Begin PBXBuildFile section */
		6A93A5DC25B33D1F007CCD5C /* christinaApp.swift in Sources */ = {isa = PBXBuildFile; fileRef = 6A93A5DB25B33D1F007CCD5C /* christinaApp.swift */; };
		6A93A5DE25B33D1F007CCD5C /* ContentView.swift in Sources */ = {isa = PBXBuildFile; fileRef = 6A93A5DD25B33D1F007CCD5C /* ContentView.swift */; };
		6A93A5E025B33D1F007CCD5C /* Assets.xcassets in Resources */ = {isa = PBXBuildFile; fileRef = 6A93A5DF25B33D1F007CCD5C /* Assets.xcassets */; };
		6A93A5E325B33D1F007CCD5C /* Preview Assets.xcassets in Resources */ = {isa = PBXBuildFile; fileRef = 6A93A5E225B33D1F007CCD5C /* Preview Assets.xcassets */; };
		6A93A5EE25B33D1F007CCD5C /* christinaTests.swift in Sources */ = {isa = PBXBuildFile; fileRef = 6A93A5ED25B33D1F007CCD5C /* christinaTests.swift */; };
		6A93A5F925B33D1F007CCD5C /* christinaUITests.swift in Sources */ = {isa = PBXBuildFile; fileRef = 6A93A5F825B33D1F007CCD5C /* christinaUITests.swift */; };
		6A93A61025B33E37007CCD5C /* Landmark.swift in Sources */ = {isa = PBXBuildFile; fileRef = 6A93A60F25B33E37007CCD5C /* Landmark.swift */; };
		6A93A61525B33EC2007CCD5C /* ModelData.swift in Sources */ = {isa = PBXBuildFile; fileRef = 6A93A61425B33EC2007CCD5C /* ModelData.swift */; };
		6A93A62325B34050007CCD5C /* LandmarkRow.swift in Sources */ = {isa = PBXBuildFile; fileRef = 6A93A62225B34050007CCD5C /* LandmarkRow.swift */; };
		6A93A62B25B341D3007CCD5C /* test-landmarks.json in Resources */ = {isa = PBXBuildFile; fileRef = 6A93A62A25B341D3007CCD5C /* test-landmarks.json */; };
		6A93A63025B34464007CCD5C /* LandmarkList.swift in Sources */ = {isa = PBXBuildFile; fileRef = 6A93A62F25B34464007CCD5C /* LandmarkList.swift */; };
		6A93A63525B34841007CCD5C /* LandmarkDetail.swift in Sources */ = {isa = PBXBuildFile; fileRef = 6A93A63425B34841007CCD5C /* LandmarkDetail.swift */; };
		6A93A63A25B361C9007CCD5C /* VisitedButton.swift in Sources */ = {isa = PBXBuildFile; fileRef = 6A93A63925B361C9007CCD5C /* VisitedButton.swift */; };
		6A93A65225B3C0FA007CCD5C /* Coordinator.swift in Sources */ = {isa = PBXBuildFile; fileRef = 6A93A65125B3C0FA007CCD5C /* Coordinator.swift */; };
/* End PBXBuildFile section */

/* Begin PBXContainerItemProxy section */
		6A93A5EA25B33D1F007CCD5C /* PBXContainerItemProxy */ = {
			isa = PBXContainerItemProxy;
			containerPortal = 6A93A5D025B33D1F007CCD5C /* Project object */;
			proxyType = 1;
			remoteGlobalIDString = 6A93A5D725B33D1F007CCD5C;
			remoteInfo = christina;
		};
		6A93A5F525B33D1F007CCD5C /* PBXContainerItemProxy */ = {
			isa = PBXContainerItemProxy;
			containerPortal = 6A93A5D025B33D1F007CCD5C /* Project object */;
			proxyType = 1;
			remoteGlobalIDString = 6A93A5D725B33D1F007CCD5C;
			remoteInfo = christina;
		};
/* End PBXContainerItemProxy section */

/* Begin PBXFileReference section */
		6A93A5D825B33D1F007CCD5C /* christina.app */ = {isa = PBXFileReference; explicitFileType = wrapper.application; includeInIndex = 0; path = christina.app; sourceTree = BUILT_PRODUCTS_DIR; };
		6A93A5DB25B33D1F007CCD5C /* christinaApp.swift */ = {isa = PBXFileReference; lastKnownFileType = sourcecode.swift; path = christinaApp.swift; sourceTree = "<group>"; };
		6A93A5DD25B33D1F007CCD5C /* ContentView.swift */ = {isa = PBXFileReference; lastKnownFileType = sourcecode.swift; path = ContentView.swift; sourceTree = "<group>"; };
		6A93A5DF25B33D1F007CCD5C /* Assets.xcassets */ = {isa = PBXFileReference; lastKnownFileType = folder.assetcatalog; path = Assets.xcassets; sourceTree = "<group>"; };
		6A93A5E225B33D1F007CCD5C /* Preview Assets.xcassets */ = {isa = PBXFileReference; lastKnownFileType = folder.assetcatalog; path = "Preview Assets.xcassets"; sourceTree = "<group>"; };
		6A93A5E425B33D1F007CCD5C /* Info.plist */ = {isa = PBXFileReference; lastKnownFileType = text.plist.xml; path = Info.plist; sourceTree = "<group>"; };
		6A93A5E925B33D1F007CCD5C /* christinaTests.xctest */ = {isa = PBXFileReference; explicitFileType = wrapper.cfbundle; includeInIndex = 0; path = christinaTests.xctest; sourceTree = BUILT_PRODUCTS_DIR; };
		6A93A5ED25B33D1F007CCD5C /* christinaTests.swift */ = {isa = PBXFileReference; lastKnownFileType = sourcecode.swift; path = christinaTests.swift; sourceTree = "<group>"; };
		6A93A5EF25B33D1F007CCD5C /* Info.plist */ = {isa = PBXFileReference; lastKnownFileType = text.plist.xml; path = Info.plist; sourceTree = "<group>"; };
		6A93A5F425B33D1F007CCD5C /* christinaUITests.xctest */ = {isa = PBXFileReference; explicitFileType = wrapper.cfbundle; includeInIndex = 0; path = christinaUITests.xctest; sourceTree = BUILT_PRODUCTS_DIR; };
		6A93A5F825B33D1F007CCD5C /* christinaUITests.swift */ = {isa = PBXFileReference; lastKnownFileType = sourcecode.swift; path = christinaUITests.swift; sourceTree = "<group>"; };
		6A93A5FA25B33D1F007CCD5C /* Info.plist */ = {isa = PBXFileReference; lastKnownFileType = text.plist.xml; path = Info.plist; sourceTree = "<group>"; };
		6A93A60F25B33E37007CCD5C /* Landmark.swift */ = {isa = PBXFileReference; lastKnownFileType = sourcecode.swift; path = Landmark.swift; sourceTree = "<group>"; };
		6A93A61425B33EC2007CCD5C /* ModelData.swift */ = {isa = PBXFileReference; lastKnownFileType = sourcecode.swift; path = ModelData.swift; sourceTree = "<group>"; };
		6A93A62225B34050007CCD5C /* LandmarkRow.swift */ = {isa = PBXFileReference; lastKnownFileType = sourcecode.swift; name = LandmarkRow.swift; path = christina/Views/Landmarks/LandmarkRow.swift; sourceTree = SOURCE_ROOT; };
		6A93A62A25B341D3007CCD5C /* test-landmarks.json */ = {isa = PBXFileReference; fileEncoding = 4; lastKnownFileType = text.json; path = "test-landmarks.json"; sourceTree = "<group>"; };
		6A93A62F25B34464007CCD5C /* LandmarkList.swift */ = {isa = PBXFileReference; lastKnownFileType = sourcecode.swift; path = LandmarkList.swift; sourceTree = "<group>"; };
		6A93A63425B34841007CCD5C /* LandmarkDetail.swift */ = {isa = PBXFileReference; lastKnownFileType = sourcecode.swift; path = LandmarkDetail.swift; sourceTree = "<group>"; };
		6A93A63925B361C9007CCD5C /* VisitedButton.swift */ = {isa = PBXFileReference; lastKnownFileType = sourcecode.swift; path = VisitedButton.swift; sourceTree = "<group>"; };
		6A93A65125B3C0FA007CCD5C /* Coordinator.swift */ = {isa = PBXFileReference; lastKnownFileType = sourcecode.swift; path = Coordinator.swift; sourceTree = "<group>"; };
/* End PBXFileReference section */

/* Begin PBXFrameworksBuildPhase section */
		6A93A5D525B33D1F007CCD5C /* Frameworks */ = {
			isa = PBXFrameworksBuildPhase;
			buildActionMask = 2147483647;
			files = (
			);
			runOnlyForDeploymentPostprocessing = 0;
		};
		6A93A5E625B33D1F007CCD5C /* Frameworks */ = {
			isa = PBXFrameworksBuildPhase;
			buildActionMask = 2147483647;
			files = (
			);
			runOnlyForDeploymentPostprocessing = 0;
		};
		6A93A5F125B33D1F007CCD5C /* Frameworks */ = {
			isa = PBXFrameworksBuildPhase;
			buildActionMask = 2147483647;
			files = (
			);
			runOnlyForDeploymentPostprocessing = 0;
		};
/* End PBXFrameworksBuildPhase section */

/* Begin PBXGroup section */
		6A93A5CF25B33D1F007CCD5C = {
			isa = PBXGroup;
			children = (
				6A93A5DA25B33D1F007CCD5C /* christina */,
				6A93A5EC25B33D1F007CCD5C /* christinaTests */,
				6A93A5F725B33D1F007CCD5C /* christinaUITests */,
				6A93A5D925B33D1F007CCD5C /* Products */,
			);
			sourceTree = "<group>";
		};
		6A93A5D925B33D1F007CCD5C /* Products */ = {
			isa = PBXGroup;
			children = (
				6A93A5D825B33D1F007CCD5C /* christina.app */,
				6A93A5E925B33D1F007CCD5C /* christinaTests.xctest */,
				6A93A5F425B33D1F007CCD5C /* christinaUITests.xctest */,
			);
			name = Products;
			sourceTree = "<group>";
		};
		6A93A5DA25B33D1F007CCD5C /* christina */ = {
			isa = PBXGroup;
			children = (
				6A93A61B25B33FC8007CCD5C /* Resources */,
				6A93A61A25B33FB0007CCD5C /* Model */,
				6A93A61925B33F99007CCD5C /* Views */,
				6A93A5DB25B33D1F007CCD5C /* christinaApp.swift */,
				6A93A5DF25B33D1F007CCD5C /* Assets.xcassets */,
				6A93A5E425B33D1F007CCD5C /* Info.plist */,
				6A93A5E125B33D1F007CCD5C /* Preview Content */,
			);
			path = christina;
			sourceTree = "<group>";
		};
		6A93A5E125B33D1F007CCD5C /* Preview Content */ = {
			isa = PBXGroup;
			children = (
				6A93A5E225B33D1F007CCD5C /* Preview Assets.xcassets */,
			);
			path = "Preview Content";
			sourceTree = "<group>";
		};
		6A93A5EC25B33D1F007CCD5C /* christinaTests */ = {
			isa = PBXGroup;
			children = (
				6A93A5ED25B33D1F007CCD5C /* christinaTests.swift */,
				6A93A5EF25B33D1F007CCD5C /* Info.plist */,
			);
			path = christinaTests;
			sourceTree = "<group>";
		};
		6A93A5F725B33D1F007CCD5C /* christinaUITests */ = {
			isa = PBXGroup;
			children = (
				6A93A5F825B33D1F007CCD5C /* christinaUITests.swift */,
				6A93A5FA25B33D1F007CCD5C /* Info.plist */,
			);
			path = christinaUITests;
			sourceTree = "<group>";
		};
		6A93A61925B33F99007CCD5C /* Views */ = {
			isa = PBXGroup;
			children = (
				6A93A64025B362AE007CCD5C /* Helpers */,
				6A93A63F25B362A2007CCD5C /* Landmarks */,
				6A93A5DD25B33D1F007CCD5C /* ContentView.swift */,
			);
			path = Views;
			sourceTree = "<group>";
		};
		6A93A61A25B33FB0007CCD5C /* Model */ = {
			isa = PBXGroup;
			children = (
				6A93A60F25B33E37007CCD5C /* Landmark.swift */,
				6A93A61425B33EC2007CCD5C /* ModelData.swift */,
			);
			path = Model;
			sourceTree = "<group>";
		};
		6A93A61B25B33FC8007CCD5C /* Resources */ = {
			isa = PBXGroup;
			children = (
				6A93A62A25B341D3007CCD5C /* test-landmarks.json */,
			);
			path = Resources;
			sourceTree = "<group>";
		};
		6A93A63F25B362A2007CCD5C /* Landmarks */ = {
			isa = PBXGroup;
			children = (
				6A93A63425B34841007CCD5C /* LandmarkDetail.swift */,
				6A93A62F25B34464007CCD5C /* LandmarkList.swift */,
				6A93A62225B34050007CCD5C /* LandmarkRow.swift */,
			);
			path = Landmarks;
			sourceTree = "<group>";
		};
		6A93A64025B362AE007CCD5C /* Helpers */ = {
			isa = PBXGroup;
			children = (
				6A93A63925B361C9007CCD5C /* VisitedButton.swift */,
				6A93A65125B3C0FA007CCD5C /* Coordinator.swift */,
			);
			path = Helpers;
			sourceTree = "<group>";
		};
/* End PBXGroup section */

/* Begin PBXNativeTarget section */
		6A93A5D725B33D1F007CCD5C /* christina */ = {
			isa = PBXNativeTarget;
			buildConfigurationList = 6A93A5FD25B33D1F007CCD5C /* Build configuration list for PBXNativeTarget "christina" */;
			buildPhases = (
				6A93A5D425B33D1F007CCD5C /* Sources */,
				6A93A5D525B33D1F007CCD5C /* Frameworks */,
				6A93A5D625B33D1F007CCD5C /* Resources */,
			);
			buildRules = (
			);
			dependencies = (
			);
			name = christina;
			productName = christina;
			productReference = 6A93A5D825B33D1F007CCD5C /* christina.app */;
			productType = "com.apple.product-type.application";
		};
		6A93A5E825B33D1F007CCD5C /* christinaTests */ = {
			isa = PBXNativeTarget;
			buildConfigurationList = 6A93A60025B33D1F007CCD5C /* Build configuration list for PBXNativeTarget "christinaTests" */;
			buildPhases = (
				6A93A5E525B33D1F007CCD5C /* Sources */,
				6A93A5E625B33D1F007CCD5C /* Frameworks */,
				6A93A5E725B33D1F007CCD5C /* Resources */,
			);
			buildRules = (
			);
			dependencies = (
				6A93A5EB25B33D1F007CCD5C /* PBXTargetDependency */,
			);
			name = christinaTests;
			productName = christinaTests;
			productReference = 6A93A5E925B33D1F007CCD5C /* christinaTests.xctest */;
			productType = "com.apple.product-type.bundle.unit-test";
		};
		6A93A5F325B33D1F007CCD5C /* christinaUITests */ = {
			isa = PBXNativeTarget;
			buildConfigurationList = 6A93A60325B33D1F007CCD5C /* Build configuration list for PBXNativeTarget "christinaUITests" */;
			buildPhases = (
				6A93A5F025B33D1F007CCD5C /* Sources */,
				6A93A5F125B33D1F007CCD5C /* Frameworks */,
				6A93A5F225B33D1F007CCD5C /* Resources */,
			);
			buildRules = (
			);
			dependencies = (
				6A93A5F625B33D1F007CCD5C /* PBXTargetDependency */,
			);
			name = christinaUITests;
			productName = christinaUITests;
			productReference = 6A93A5F425B33D1F007CCD5C /* christinaUITests.xctest */;
			productType = "com.apple.product-type.bundle.ui-testing";
		};
/* End PBXNativeTarget section */

/* Begin PBXProject section */
		6A93A5D025B33D1F007CCD5C /* Project object */ = {
			isa = PBXProject;
			attributes = {
				LastSwiftUpdateCheck = 1230;
				LastUpgradeCheck = 1230;
				TargetAttributes = {
					6A93A5D725B33D1F007CCD5C = {
						CreatedOnToolsVersion = 12.3;
					};
					6A93A5E825B33D1F007CCD5C = {
						CreatedOnToolsVersion = 12.3;
						TestTargetID = 6A93A5D725B33D1F007CCD5C;
					};
					6A93A5F325B33D1F007CCD5C = {
						CreatedOnToolsVersion = 12.3;
						TestTargetID = 6A93A5D725B33D1F007CCD5C;
					};
				};
			};
			buildConfigurationList = 6A93A5D325B33D1F007CCD5C /* Build configuration list for PBXProject "christina" */;
			compatibilityVersion = "Xcode 9.3";
			developmentRegion = en;
			hasScannedForEncodings = 0;
			knownRegions = (
				en,
				Base,
			);
			mainGroup = 6A93A5CF25B33D1F007CCD5C;
			productRefGroup = 6A93A5D925B33D1F007CCD5C /* Products */;
			projectDirPath = "";
			projectRoot = "";
			targets = (
				6A93A5D725B33D1F007CCD5C /* christina */,
				6A93A5E825B33D1F007CCD5C /* christinaTests */,
				6A93A5F325B33D1F007CCD5C /* christinaUITests */,
			);
		};
/* End PBXProject section */

/* Begin PBXResourcesBuildPhase section */
		6A93A5D625B33D1F007CCD5C /* Resources */ = {
			isa = PBXResourcesBuildPhase;
			buildActionMask = 2147483647;
			files = (
				6A93A62B25B341D3007CCD5C /* test-landmarks.json in Resources */,
				6A93A5E325B33D1F007CCD5C /* Preview Assets.xcassets in Resources */,
				6A93A5E025B33D1F007CCD5C /* Assets.xcassets in Resources */,
			);
			runOnlyForDeploymentPostprocessing = 0;
		};
		6A93A5E725B33D1F007CCD5C /* Resources */ = {
			isa = PBXResourcesBuildPhase;
			buildActionMask = 2147483647;
			files = (
			);
			runOnlyForDeploymentPostprocessing = 0;
		};
		6A93A5F225B33D1F007CCD5C /* Resources */ = {
			isa = PBXResourcesBuildPhase;
			buildActionMask = 2147483647;
			files = (
			);
			runOnlyForDeploymentPostprocessing = 0;
		};
/* End PBXResourcesBuildPhase section */

/* Begin PBXSourcesBuildPhase section */
		6A93A5D425B33D1F007CCD5C /* Sources */ = {
			isa = PBXSourcesBuildPhase;
			buildActionMask = 2147483647;
			files = (
				6A93A5DE25B33D1F007CCD5C /* ContentView.swift in Sources */,
				6A93A63025B34464007CCD5C /* LandmarkList.swift in Sources */,
				6A93A63A25B361C9007CCD5C /* VisitedButton.swift in Sources */,
				6A93A61525B33EC2007CCD5C /* ModelData.swift in Sources */,
				6A93A5DC25B33D1F007CCD5C /* christinaApp.swift in Sources */,
				6A93A62325B34050007CCD5C /* LandmarkRow.swift in Sources */,
				6A93A61025B33E37007CCD5C /* Landmark.swift in Sources */,
				6A93A63525B34841007CCD5C /* LandmarkDetail.swift in Sources */,
				6A93A65225B3C0FA007CCD5C /* Coordinator.swift in Sources */,
			);
			runOnlyForDeploymentPostprocessing = 0;
		};
		6A93A5E525B33D1F007CCD5C /* Sources */ = {
			isa = PBXSourcesBuildPhase;
			buildActionMask = 2147483647;
			files = (
				6A93A5EE25B33D1F007CCD5C /* christinaTests.swift in Sources */,
			);
			runOnlyForDeploymentPostprocessing = 0;
		};
		6A93A5F025B33D1F007CCD5C /* Sources */ = {
			isa = PBXSourcesBuildPhase;
			buildActionMask = 2147483647;
			files = (
				6A93A5F925B33D1F007CCD5C /* christinaUITests.swift in Sources */,
			);
			runOnlyForDeploymentPostprocessing = 0;
		};
/* End PBXSourcesBuildPhase section */

/* Begin PBXTargetDependency section */
		6A93A5EB25B33D1F007CCD5C /* PBXTargetDependency */ = {
			isa = PBXTargetDependency;
			target = 6A93A5D725B33D1F007CCD5C /* christina */;
			targetProxy = 6A93A5EA25B33D1F007CCD5C /* PBXContainerItemProxy */;
		};
		6A93A5F625B33D1F007CCD5C /* PBXTargetDependency */ = {
			isa = PBXTargetDependency;
			target = 6A93A5D725B33D1F007CCD5C /* christina */;
			targetProxy = 6A93A5F525B33D1F007CCD5C /* PBXContainerItemProxy */;
		};
/* End PBXTargetDependency section */

/* Begin XCBuildConfiguration section */
		6A93A5FB25B33D1F007CCD5C /* Debug */ = {
			isa = XCBuildConfiguration;
			buildSettings = {
				ALWAYS_SEARCH_USER_PATHS = NO;
				CLANG_ANALYZER_NONNULL = YES;
				CLANG_ANALYZER_NUMBER_OBJECT_CONVERSION = YES_AGGRESSIVE;
				CLANG_CXX_LANGUAGE_STANDARD = "gnu++14";
				CLANG_CXX_LIBRARY = "libc++";
				CLANG_ENABLE_MODULES = YES;
				CLANG_ENABLE_OBJC_ARC = YES;
				CLANG_ENABLE_OBJC_WEAK = YES;
				CLANG_WARN_BLOCK_CAPTURE_AUTORELEASING = YES;
				CLANG_WARN_BOOL_CONVERSION = YES;
				CLANG_WARN_COMMA = YES;
				CLANG_WARN_CONSTANT_CONVERSION = YES;
				CLANG_WARN_DEPRECATED_OBJC_IMPLEMENTATIONS = YES;
				CLANG_WARN_DIRECT_OBJC_ISA_USAGE = YES_ERROR;
				CLANG_WARN_DOCUMENTATION_COMMENTS = YES;
				CLANG_WARN_EMPTY_BODY = YES;
				CLANG_WARN_ENUM_CONVERSION = YES;
				CLANG_WARN_INFINITE_RECURSION = YES;
				CLANG_WARN_INT_CONVERSION = YES;
				CLANG_WARN_NON_LITERAL_NULL_CONVERSION = YES;
				CLANG_WARN_OBJC_IMPLICIT_RETAIN_SELF = YES;
				CLANG_WARN_OBJC_LITERAL_CONVERSION = YES;
				CLANG_WARN_OBJC_ROOT_CLASS = YES_ERROR;
				CLANG_WARN_QUOTED_INCLUDE_IN_FRAMEWORK_HEADER = YES;
				CLANG_WARN_RANGE_LOOP_ANALYSIS = YES;
				CLANG_WARN_STRICT_PROTOTYPES = YES;
				CLANG_WARN_SUSPICIOUS_MOVE = YES;
				CLANG_WARN_UNGUARDED_AVAILABILITY = YES_AGGRESSIVE;
				CLANG_WARN_UNREACHABLE_CODE = YES;
				CLANG_WARN__DUPLICATE_METHOD_MATCH = YES;
				COPY_PHASE_STRIP = NO;
				DEBUG_INFORMATION_FORMAT = dwarf;
				ENABLE_STRICT_OBJC_MSGSEND = YES;
				ENABLE_TESTABILITY = YES;
				GCC_C_LANGUAGE_STANDARD = gnu11;
				GCC_DYNAMIC_NO_PIC = NO;
				GCC_NO_COMMON_BLOCKS = YES;
				GCC_OPTIMIZATION_LEVEL = 0;
				GCC_PREPROCESSOR_DEFINITIONS = (
					"DEBUG=1",
					"$(inherited)",
				);
				GCC_WARN_64_TO_32_BIT_CONVERSION = YES;
				GCC_WARN_ABOUT_RETURN_TYPE = YES_ERROR;
				GCC_WARN_UNDECLARED_SELECTOR = YES;
				GCC_WARN_UNINITIALIZED_AUTOS = YES_AGGRESSIVE;
				GCC_WARN_UNUSED_FUNCTION = YES;
				GCC_WARN_UNUSED_VARIABLE = YES;
				IPHONEOS_DEPLOYMENT_TARGET = 14.3;
				MTL_ENABLE_DEBUG_INFO = INCLUDE_SOURCE;
				MTL_FAST_MATH = YES;
				ONLY_ACTIVE_ARCH = YES;
				SDKROOT = iphoneos;
				SWIFT_ACTIVE_COMPILATION_CONDITIONS = DEBUG;
				SWIFT_OPTIMIZATION_LEVEL = "-Onone";
			};
			name = Debug;
		};
		6A93A5FC25B33D1F007CCD5C /* Release */ = {
			isa = XCBuildConfiguration;
			buildSettings = {
				ALWAYS_SEARCH_USER_PATHS = NO;
				CLANG_ANALYZER_NONNULL = YES;
				CLANG_ANALYZER_NUMBER_OBJECT_CONVERSION = YES_AGGRESSIVE;
				CLANG_CXX_LANGUAGE_STANDARD = "gnu++14";
				CLANG_CXX_LIBRARY = "libc++";
				CLANG_ENABLE_MODULES = YES;
				CLANG_ENABLE_OBJC_ARC = YES;
				CLANG_ENABLE_OBJC_WEAK = YES;
				CLANG_WARN_BLOCK_CAPTURE_AUTORELEASING = YES;
				CLANG_WARN_BOOL_CONVERSION = YES;
				CLANG_WARN_COMMA = YES;
				CLANG_WARN_CONSTANT_CONVERSION = YES;
				CLANG_WARN_DEPRECATED_OBJC_IMPLEMENTATIONS = YES;
				CLANG_WARN_DIRECT_OBJC_ISA_USAGE = YES_ERROR;
				CLANG_WARN_DOCUMENTATION_COMMENTS = YES;
				CLANG_WARN_EMPTY_BODY = YES;
				CLANG_WARN_ENUM_CONVERSION = YES;
				CLANG_WARN_INFINITE_RECURSION = YES;
				CLANG_WARN_INT_CONVERSION = YES;
				CLANG_WARN_NON_LITERAL_NULL_CONVERSION = YES;
				CLANG_WARN_OBJC_IMPLICIT_RETAIN_SELF = YES;
				CLANG_WARN_OBJC_LITERAL_CONVERSION = YES;
				CLANG_WARN_OBJC_ROOT_CLASS = YES_ERROR;
				CLANG_WARN_QUOTED_INCLUDE_IN_FRAMEWORK_HEADER = YES;
				CLANG_WARN_RANGE_LOOP_ANALYSIS = YES;
				CLANG_WARN_STRICT_PROTOTYPES = YES;
				CLANG_WARN_SUSPICIOUS_MOVE = YES;
				CLANG_WARN_UNGUARDED_AVAILABILITY = YES_AGGRESSIVE;
				CLANG_WARN_UNREACHABLE_CODE = YES;
				CLANG_WARN__DUPLICATE_METHOD_MATCH = YES;
				COPY_PHASE_STRIP = NO;
				DEBUG_INFORMATION_FORMAT = "dwarf-with-dsym";
				ENABLE_NS_ASSERTIONS = NO;
				ENABLE_STRICT_OBJC_MSGSEND = YES;
				GCC_C_LANGUAGE_STANDARD = gnu11;
				GCC_NO_COMMON_BLOCKS = YES;
				GCC_WARN_64_TO_32_BIT_CONVERSION = YES;
				GCC_WARN_ABOUT_RETURN_TYPE = YES_ERROR;
				GCC_WARN_UNDECLARED_SELECTOR = YES;
				GCC_WARN_UNINITIALIZED_AUTOS = YES_AGGRESSIVE;
				GCC_WARN_UNUSED_FUNCTION = YES;
				GCC_WARN_UNUSED_VARIABLE = YES;
				IPHONEOS_DEPLOYMENT_TARGET = 14.3;
				MTL_ENABLE_DEBUG_INFO = NO;
				MTL_FAST_MATH = YES;
				SDKROOT = iphoneos;
				SWIFT_COMPILATION_MODE = wholemodule;
				SWIFT_OPTIMIZATION_LEVEL = "-O";
				VALIDATE_PRODUCT = YES;
			};
			name = Release;
		};
		6A93A5FE25B33D1F007CCD5C /* Debug */ = {
			isa = XCBuildConfiguration;
			buildSettings = {
				ASSETCATALOG_COMPILER_APPICON_NAME = AppIcon;
				ASSETCATALOG_COMPILER_GLOBAL_ACCENT_COLOR_NAME = AccentColor;
				CODE_SIGN_STYLE = Automatic;
				DEVELOPMENT_ASSET_PATHS = "\"christina/Preview Content\"";
				DEVELOPMENT_TEAM = 7T46ZWXYBC;
				ENABLE_PREVIEWS = YES;
				INFOPLIST_FILE = christina/Info.plist;
				IPHONEOS_DEPLOYMENT_TARGET = 14.0;
				LD_RUNPATH_SEARCH_PATHS = (
					"$(inherited)",
					"@executable_path/Frameworks",
				);
				PRODUCT_BUNDLE_IDENTIFIER = sebastiannegulescu.christina;
				PRODUCT_NAME = "$(TARGET_NAME)";
				SWIFT_VERSION = 5.0;
				TARGETED_DEVICE_FAMILY = "1,2";
			};
			name = Debug;
		};
		6A93A5FF25B33D1F007CCD5C /* Release */ = {
			isa = XCBuildConfiguration;
			buildSettings = {
				ASSETCATALOG_COMPILER_APPICON_NAME = AppIcon;
				ASSETCATALOG_COMPILER_GLOBAL_ACCENT_COLOR_NAME = AccentColor;
				CODE_SIGN_STYLE = Automatic;
				DEVELOPMENT_ASSET_PATHS = "\"christina/Preview Content\"";
				DEVELOPMENT_TEAM = 7T46ZWXYBC;
				ENABLE_PREVIEWS = YES;
				INFOPLIST_FILE = christina/Info.plist;
				IPHONEOS_DEPLOYMENT_TARGET = 14.0;
				LD_RUNPATH_SEARCH_PATHS = (
					"$(inherited)",
					"@executable_path/Frameworks",
				);
				PRODUCT_BUNDLE_IDENTIFIER = sebastiannegulescu.christina;
				PRODUCT_NAME = "$(TARGET_NAME)";
				SWIFT_VERSION = 5.0;
				TARGETED_DEVICE_FAMILY = "1,2";
			};
			name = Release;
		};
		6A93A60125B33D1F007CCD5C /* Debug */ = {
			isa = XCBuildConfiguration;
			buildSettings = {
				ALWAYS_EMBED_SWIFT_STANDARD_LIBRARIES = YES;
				BUNDLE_LOADER = "$(TEST_HOST)";
				CODE_SIGN_STYLE = Automatic;
				DEVELOPMENT_TEAM = 7T46ZWXYBC;
				INFOPLIST_FILE = christinaTests/Info.plist;
				IPHONEOS_DEPLOYMENT_TARGET = 14.0;
				LD_RUNPATH_SEARCH_PATHS = (
					"$(inherited)",
					"@executable_path/Frameworks",
					"@loader_path/Frameworks",
				);
				PRODUCT_BUNDLE_IDENTIFIER = sebastiannegulescu.christinaTests;
				PRODUCT_NAME = "$(TARGET_NAME)";
				SWIFT_VERSION = 5.0;
				TARGETED_DEVICE_FAMILY = "1,2";
				TEST_HOST = "$(BUILT_PRODUCTS_DIR)/christina.app/christina";
			};
			name = Debug;
		};
		6A93A60225B33D1F007CCD5C /* Release */ = {
			isa = XCBuildConfiguration;
			buildSettings = {
				ALWAYS_EMBED_SWIFT_STANDARD_LIBRARIES = YES;
				BUNDLE_LOADER = "$(TEST_HOST)";
				CODE_SIGN_STYLE = Automatic;
				DEVELOPMENT_TEAM = 7T46ZWXYBC;
				INFOPLIST_FILE = christinaTests/Info.plist;
				IPHONEOS_DEPLOYMENT_TARGET = 14.0;
				LD_RUNPATH_SEARCH_PATHS = (
					"$(inherited)",
					"@executable_path/Frameworks",
					"@loader_path/Frameworks",
				);
				PRODUCT_BUNDLE_IDENTIFIER = sebastiannegulescu.christinaTests;
				PRODUCT_NAME = "$(TARGET_NAME)";
				SWIFT_VERSION = 5.0;
				TARGETED_DEVICE_FAMILY = "1,2";
				TEST_HOST = "$(BUILT_PRODUCTS_DIR)/christina.app/christina";
			};
			name = Release;
		};
		6A93A60425B33D1F007CCD5C /* Debug */ = {
			isa = XCBuildConfiguration;
			buildSettings = {
				ALWAYS_EMBED_SWIFT_STANDARD_LIBRARIES = YES;
				CODE_SIGN_STYLE = Automatic;
				DEVELOPMENT_TEAM = 7T46ZWXYBC;
				INFOPLIST_FILE = christinaUITests/Info.plist;
				LD_RUNPATH_SEARCH_PATHS = (
					"$(inherited)",
					"@executable_path/Frameworks",
					"@loader_path/Frameworks",
				);
				PRODUCT_BUNDLE_IDENTIFIER = sebastiannegulescu.christinaUITests;
				PRODUCT_NAME = "$(TARGET_NAME)";
				SWIFT_VERSION = 5.0;
				TARGETED_DEVICE_FAMILY = "1,2";
				TEST_TARGET_NAME = christina;
			};
			name = Debug;
		};
		6A93A60525B33D1F007CCD5C /* Release */ = {
			isa = XCBuildConfiguration;
			buildSettings = {
				ALWAYS_EMBED_SWIFT_STANDARD_LIBRARIES = YES;
				CODE_SIGN_STYLE = Automatic;
				DEVELOPMENT_TEAM = 7T46ZWXYBC;
				INFOPLIST_FILE = christinaUITests/Info.plist;
				LD_RUNPATH_SEARCH_PATHS = (
					"$(inherited)",
					"@executable_path/Frameworks",
					"@loader_path/Frameworks",
				);
				PRODUCT_BUNDLE_IDENTIFIER = sebastiannegulescu.christinaUITests;
				PRODUCT_NAME = "$(TARGET_NAME)";
				SWIFT_VERSION = 5.0;
				TARGETED_DEVICE_FAMILY = "1,2";
				TEST_TARGET_NAME = christina;
			};
			name = Release;
		};
/* End XCBuildConfiguration section */

/* Begin XCConfigurationList section */
		6A93A5D325B33D1F007CCD5C /* Build configuration list for PBXProject "christina" */ = {
			isa = XCConfigurationList;
			buildConfigurations = (
				6A93A5FB25B33D1F007CCD5C /* Debug */,
				6A93A5FC25B33D1F007CCD5C /* Release */,
			);
			defaultConfigurationIsVisible = 0;
			defaultConfigurationName = Release;
		};
		6A93A5FD25B33D1F007CCD5C /* Build configuration list for PBXNativeTarget "christina" */ = {
			isa = XCConfigurationList;
			buildConfigurations = (
				6A93A5FE25B33D1F007CCD5C /* Debug */,
				6A93A5FF25B33D1F007CCD5C /* Release */,
			);
			defaultConfigurationIsVisible = 0;
			defaultConfigurationName = Release;
		};
		6A93A60025B33D1F007CCD5C /* Build configuration list for PBXNativeTarget "christinaTests" */ = {
			isa = XCConfigurationList;
			buildConfigurations = (
				6A93A60125B33D1F007CCD5C /* Debug */,
				6A93A60225B33D1F007CCD5C /* Release */,
			);
			defaultConfigurationIsVisible = 0;
			defaultConfigurationName = Release;
		};
		6A93A60325B33D1F007CCD5C /* Build configuration list for PBXNativeTarget "christinaUITests" */ = {
			isa = XCConfigurationList;
			buildConfigurations = (
				6A93A60425B33D1F007CCD5C /* Debug */,
				6A93A60525B33D1F007CCD5C /* Release */,
			);
			defaultConfigurationIsVisible = 0;
			defaultConfigurationName = Release;
		};
/* End XCConfigurationList section */
	};
	rootObject = 6A93A5D025B33D1F007CCD5C /* Project object */;
}
